
Microsoft Visual Studio Solution File, Format Version 12.00
# Visual Studio Version 16
VisualStudioVersion = 16.0.29503.13
MinimumVisualStudioVersion = 10.0.40219.1
Project("{FAE04EC0-301F-11D3-BF4B-00C04F79EFBC}") = "CH3mculator", "CH3mculator\CH3mculator.csproj", "{86F41A39-9549-442D-9E8B-3B87DED0572B}"
EndProject
Global
	GlobalSection(SolutionConfigurationPlatforms) = preSolution
		Debug|Any CPU = Debug|Any CPU
		Release|Any CPU = Release|Any CPU
	EndGlobalSection
	GlobalSection(ProjectConfigurationPlatforms) = postSolution
		{86F41A39-9549-442D-9E8B-3B87DED0572B}.Debug|Any CPU.ActiveCfg = Debug|Any CPU
		{86F41A39-9549-442D-9E8B-3B87DED0572B}.Debug|Any CPU.Build.0 = Debug|Any CPU
		{86F41A39-9549-442D-9E8B-3B87DED0572B}.Release|Any CPU.ActiveCfg = Release|Any CPU
		{86F41A39-9549-442D-9E8B-3B87DED0572B}.Release|Any CPU.Build.0 = Release|Any CPU
	EndGlobalSection
	GlobalSection(SolutionProperties) = preSolution
		HideSolutionNode = FALSE
	EndGlobalSection
	GlobalSection(ExtensibilityGlobals) = postSolution
		SolutionGuid = {0A756B55-503D-42F7-8405-BF627307B2D8}
	EndGlobalSection
EndGlobal
