
Microsoft Visual Studio Solution File, Format Version 12.00
# Visual Studio Version 16
VisualStudioVersion = 16.0.29503.13
MinimumVisualStudioVersion = 10.0.40219.1
Project("{FAE04EC0-301F-11D3-BF4B-00C04F79EFBC}") = "CH3mculator.Shell", "CH3mculator\CH3mculator.Shell.csproj", "{86F41A39-9549-442D-9E8B-3B87DED0572B}"
EndProject
Project("{2150E333-8FDC-42A3-9474-1A3956D46DE8}") = "Shared", "Shared", "{CAC63728-5C79-4ED8-AF8B-A2CAB49AC396}"
EndProject
Project("{2150E333-8FDC-42A3-9474-1A3956D46DE8}") = "Module", "Module", "{C4CAE539-0E29-41DD-9B94-5184E269595B}"
EndProject
Project("{FAE04EC0-301F-11D3-BF4B-00C04F79EFBC}") = "CH3mculator.Shared.Logic", "Shared\CH3mculator.Shared.Logic\CH3mculator.Shared.Logic.csproj", "{4F025BA0-CFA1-49F8-85A8-975314539A9D}"
EndProject
Project("{FAE04EC0-301F-11D3-BF4B-00C04F79EFBC}") = "CH3mculator.Module.PubChemViewer", "Module\CH3mculator.Module.PubChemViewer\CH3mculator.Module.PubChemViewer.csproj", "{E4D58A44-1B4E-4339-8F07-F248634C6AC5}"
EndProject
Project("{FAE04EC0-301F-11D3-BF4B-00C04F79EFBC}") = "CH3mculator.Shared.Model", "Shared\CH3mculator.Shared.Model\CH3mculator.Shared.Model.csproj", "{559245A3-330C-44F3-B096-C21D663F7049}"
EndProject
Global
	GlobalSection(SolutionConfigurationPlatforms) = preSolution
		Debug|Any CPU = Debug|Any CPU
		Release|Any CPU = Release|Any CPU
	EndGlobalSection
	GlobalSection(ProjectConfigurationPlatforms) = postSolution
		{86F41A39-9549-442D-9E8B-3B87DED0572B}.Debug|Any CPU.ActiveCfg = Debug|Any CPU
		{86F41A39-9549-442D-9E8B-3B87DED0572B}.Debug|Any CPU.Build.0 = Debug|Any CPU
		{86F41A39-9549-442D-9E8B-3B87DED0572B}.Release|Any CPU.ActiveCfg = Release|Any CPU
		{86F41A39-9549-442D-9E8B-3B87DED0572B}.Release|Any CPU.Build.0 = Release|Any CPU
		{4F025BA0-CFA1-49F8-85A8-975314539A9D}.Debug|Any CPU.ActiveCfg = Debug|Any CPU
		{4F025BA0-CFA1-49F8-85A8-975314539A9D}.Debug|Any CPU.Build.0 = Debug|Any CPU
		{4F025BA0-CFA1-49F8-85A8-975314539A9D}.Release|Any CPU.ActiveCfg = Release|Any CPU
		{4F025BA0-CFA1-49F8-85A8-975314539A9D}.Release|Any CPU.Build.0 = Release|Any CPU
		{E4D58A44-1B4E-4339-8F07-F248634C6AC5}.Debug|Any CPU.ActiveCfg = Debug|Any CPU
		{E4D58A44-1B4E-4339-8F07-F248634C6AC5}.Debug|Any CPU.Build.0 = Debug|Any CPU
		{E4D58A44-1B4E-4339-8F07-F248634C6AC5}.Release|Any CPU.ActiveCfg = Release|Any CPU
		{E4D58A44-1B4E-4339-8F07-F248634C6AC5}.Release|Any CPU.Build.0 = Release|Any CPU
		{559245A3-330C-44F3-B096-C21D663F7049}.Debug|Any CPU.ActiveCfg = Debug|Any CPU
		{559245A3-330C-44F3-B096-C21D663F7049}.Debug|Any CPU.Build.0 = Debug|Any CPU
		{559245A3-330C-44F3-B096-C21D663F7049}.Release|Any CPU.ActiveCfg = Release|Any CPU
		{559245A3-330C-44F3-B096-C21D663F7049}.Release|Any CPU.Build.0 = Release|Any CPU
	EndGlobalSection
	GlobalSection(SolutionProperties) = preSolution
		HideSolutionNode = FALSE
	EndGlobalSection
	GlobalSection(NestedProjects) = preSolution
		{4F025BA0-CFA1-49F8-85A8-975314539A9D} = {CAC63728-5C79-4ED8-AF8B-A2CAB49AC396}
		{E4D58A44-1B4E-4339-8F07-F248634C6AC5} = {C4CAE539-0E29-41DD-9B94-5184E269595B}
		{559245A3-330C-44F3-B096-C21D663F7049} = {CAC63728-5C79-4ED8-AF8B-A2CAB49AC396}
	EndGlobalSection
	GlobalSection(ExtensibilityGlobals) = postSolution
		SolutionGuid = {0A756B55-503D-42F7-8405-BF627307B2D8}
	EndGlobalSection
EndGlobal
